// !$*UTF8*$!
{
	archiveVersion = 1;
	classes = {
	};
	objectVersion = 50;
	objects = {

/* Begin PBXBuildFile section */
		0D5CD32A01690804F45F1D49 /* Pods_PostsTechTest.framework in Frameworks */ = {isa = PBXBuildFile; fileRef = 6C8A2BEA820FEDFF76285DAB /* Pods_PostsTechTest.framework */; };
		AE3C7F70A28C2F71C2333AD5 /* Pods_PostsTechTestTests.framework in Frameworks */ = {isa = PBXBuildFile; fileRef = 425A259D080BC9A3A35ED6AE /* Pods_PostsTechTestTests.framework */; };
		B7CDF43222465187002A63DA /* AppDelegate.swift in Sources */ = {isa = PBXBuildFile; fileRef = B7CDF43122465187002A63DA /* AppDelegate.swift */; };
		B7CDF43922465188002A63DA /* Assets.xcassets in Resources */ = {isa = PBXBuildFile; fileRef = B7CDF43822465188002A63DA /* Assets.xcassets */; };
		B7CDF43C22465188002A63DA /* LaunchScreen.storyboard in Resources */ = {isa = PBXBuildFile; fileRef = B7CDF43A22465188002A63DA /* LaunchScreen.storyboard */; };
		B7CDF45F224654B6002A63DA /* GenericState.swift in Sources */ = {isa = PBXBuildFile; fileRef = B7CDF45E224654B6002A63DA /* GenericState.swift */; };
		B7CDF461224654EE002A63DA /* LogicState.swift in Sources */ = {isa = PBXBuildFile; fileRef = B7CDF460224654EE002A63DA /* LogicState.swift */; };
		B7CDF46322465518002A63DA /* GenericDisplay.swift in Sources */ = {isa = PBXBuildFile; fileRef = B7CDF46222465518002A63DA /* GenericDisplay.swift */; };
		B7CDF46822465651002A63DA /* Networking.swift in Sources */ = {isa = PBXBuildFile; fileRef = B7CDF46722465651002A63DA /* Networking.swift */; };
		B7CDF46A22465688002A63DA /* Endpoint.swift in Sources */ = {isa = PBXBuildFile; fileRef = B7CDF46922465688002A63DA /* Endpoint.swift */; };
		B7CDF46C224656A7002A63DA /* URLSession+Networking.swift in Sources */ = {isa = PBXBuildFile; fileRef = B7CDF46B224656A7002A63DA /* URLSession+Networking.swift */; };
		B7CDF46F224656E6002A63DA /* Encodable+JSON.swift in Sources */ = {isa = PBXBuildFile; fileRef = B7CDF46E224656E6002A63DA /* Encodable+JSON.swift */; };
		B7CDF4712246581F002A63DA /* NetworkingSpecs.swift in Sources */ = {isa = PBXBuildFile; fileRef = B7CDF4702246581F002A63DA /* NetworkingSpecs.swift */; };
		B7CDF47522465EB5002A63DA /* PostsWireframe.swift in Sources */ = {isa = PBXBuildFile; fileRef = B7CDF47422465EB5002A63DA /* PostsWireframe.swift */; };
		B7CDF47722465F38002A63DA /* AppController.swift in Sources */ = {isa = PBXBuildFile; fileRef = B7CDF47622465F38002A63DA /* AppController.swift */; };
/* End PBXBuildFile section */

/* Begin PBXContainerItemProxy section */
		B7CDF44322465189002A63DA /* PBXContainerItemProxy */ = {
			isa = PBXContainerItemProxy;
			containerPortal = B7CDF42622465187002A63DA /* Project object */;
			proxyType = 1;
			remoteGlobalIDString = B7CDF42D22465187002A63DA;
			remoteInfo = PostsTechTest;
		};
/* End PBXContainerItemProxy section */

/* Begin PBXFileReference section */
		00B7FDA59A5859C4E0ECC339 /* Pods-PostsTechTest.debug.xcconfig */ = {isa = PBXFileReference; includeInIndex = 1; lastKnownFileType = text.xcconfig; name = "Pods-PostsTechTest.debug.xcconfig"; path = "Target Support Files/Pods-PostsTechTest/Pods-PostsTechTest.debug.xcconfig"; sourceTree = "<group>"; };
		425A259D080BC9A3A35ED6AE /* Pods_PostsTechTestTests.framework */ = {isa = PBXFileReference; explicitFileType = wrapper.framework; includeInIndex = 0; path = Pods_PostsTechTestTests.framework; sourceTree = BUILT_PRODUCTS_DIR; };
		6C8A2BEA820FEDFF76285DAB /* Pods_PostsTechTest.framework */ = {isa = PBXFileReference; explicitFileType = wrapper.framework; includeInIndex = 0; path = Pods_PostsTechTest.framework; sourceTree = BUILT_PRODUCTS_DIR; };
		8F8FCE046F4F29C4401A8773 /* Pods-PostsTechTest.release.xcconfig */ = {isa = PBXFileReference; includeInIndex = 1; lastKnownFileType = text.xcconfig; name = "Pods-PostsTechTest.release.xcconfig"; path = "Target Support Files/Pods-PostsTechTest/Pods-PostsTechTest.release.xcconfig"; sourceTree = "<group>"; };
		B7CDF42E22465187002A63DA /* PostsTechTest.app */ = {isa = PBXFileReference; explicitFileType = wrapper.application; includeInIndex = 0; path = PostsTechTest.app; sourceTree = BUILT_PRODUCTS_DIR; };
		B7CDF43122465187002A63DA /* AppDelegate.swift */ = {isa = PBXFileReference; lastKnownFileType = sourcecode.swift; path = AppDelegate.swift; sourceTree = "<group>"; };
		B7CDF43822465188002A63DA /* Assets.xcassets */ = {isa = PBXFileReference; lastKnownFileType = folder.assetcatalog; path = Assets.xcassets; sourceTree = "<group>"; };
		B7CDF43B22465188002A63DA /* Base */ = {isa = PBXFileReference; lastKnownFileType = file.storyboard; name = Base; path = Base.lproj/LaunchScreen.storyboard; sourceTree = "<group>"; };
		B7CDF43D22465188002A63DA /* Info.plist */ = {isa = PBXFileReference; lastKnownFileType = text.plist.xml; path = Info.plist; sourceTree = "<group>"; };
		B7CDF44222465189002A63DA /* PostsTechTestTests.xctest */ = {isa = PBXFileReference; explicitFileType = wrapper.cfbundle; includeInIndex = 0; path = PostsTechTestTests.xctest; sourceTree = BUILT_PRODUCTS_DIR; };
		B7CDF44822465189002A63DA /* Info.plist */ = {isa = PBXFileReference; lastKnownFileType = text.plist.xml; path = Info.plist; sourceTree = "<group>"; };
		B7CDF45E224654B6002A63DA /* GenericState.swift */ = {isa = PBXFileReference; lastKnownFileType = sourcecode.swift; path = GenericState.swift; sourceTree = "<group>"; };
		B7CDF460224654EE002A63DA /* LogicState.swift */ = {isa = PBXFileReference; lastKnownFileType = sourcecode.swift; path = LogicState.swift; sourceTree = "<group>"; };
		B7CDF46222465518002A63DA /* GenericDisplay.swift */ = {isa = PBXFileReference; lastKnownFileType = sourcecode.swift; path = GenericDisplay.swift; sourceTree = "<group>"; };
		B7CDF46722465651002A63DA /* Networking.swift */ = {isa = PBXFileReference; lastKnownFileType = sourcecode.swift; path = Networking.swift; sourceTree = "<group>"; };
		B7CDF46922465688002A63DA /* Endpoint.swift */ = {isa = PBXFileReference; lastKnownFileType = sourcecode.swift; path = Endpoint.swift; sourceTree = "<group>"; };
		B7CDF46B224656A7002A63DA /* URLSession+Networking.swift */ = {isa = PBXFileReference; lastKnownFileType = sourcecode.swift; path = "URLSession+Networking.swift"; sourceTree = "<group>"; };
		B7CDF46E224656E6002A63DA /* Encodable+JSON.swift */ = {isa = PBXFileReference; lastKnownFileType = sourcecode.swift; path = "Encodable+JSON.swift"; sourceTree = "<group>"; };
		B7CDF4702246581F002A63DA /* NetworkingSpecs.swift */ = {isa = PBXFileReference; lastKnownFileType = sourcecode.swift; path = NetworkingSpecs.swift; sourceTree = "<group>"; };
		B7CDF47422465EB5002A63DA /* PostsWireframe.swift */ = {isa = PBXFileReference; lastKnownFileType = sourcecode.swift; path = PostsWireframe.swift; sourceTree = "<group>"; };
		B7CDF47622465F38002A63DA /* AppController.swift */ = {isa = PBXFileReference; lastKnownFileType = sourcecode.swift; path = AppController.swift; sourceTree = "<group>"; };
		E52BFF284A7FFFA542D0271F /* Pods-PostsTechTestTests.release.xcconfig */ = {isa = PBXFileReference; includeInIndex = 1; lastKnownFileType = text.xcconfig; name = "Pods-PostsTechTestTests.release.xcconfig"; path = "Target Support Files/Pods-PostsTechTestTests/Pods-PostsTechTestTests.release.xcconfig"; sourceTree = "<group>"; };
		EE2CF6A8DE20871F05E04CF5 /* Pods-PostsTechTestTests.debug.xcconfig */ = {isa = PBXFileReference; includeInIndex = 1; lastKnownFileType = text.xcconfig; name = "Pods-PostsTechTestTests.debug.xcconfig"; path = "Target Support Files/Pods-PostsTechTestTests/Pods-PostsTechTestTests.debug.xcconfig"; sourceTree = "<group>"; };
/* End PBXFileReference section */

/* Begin PBXFrameworksBuildPhase section */
		B7CDF42B22465187002A63DA /* Frameworks */ = {
			isa = PBXFrameworksBuildPhase;
			buildActionMask = 2147483647;
			files = (
				0D5CD32A01690804F45F1D49 /* Pods_PostsTechTest.framework in Frameworks */,
			);
			runOnlyForDeploymentPostprocessing = 0;
		};
		B7CDF43F22465189002A63DA /* Frameworks */ = {
			isa = PBXFrameworksBuildPhase;
			buildActionMask = 2147483647;
			files = (
				AE3C7F70A28C2F71C2333AD5 /* Pods_PostsTechTestTests.framework in Frameworks */,
			);
			runOnlyForDeploymentPostprocessing = 0;
		};
/* End PBXFrameworksBuildPhase section */

/* Begin PBXGroup section */
		44787D2FD66DD0771132242B /* Frameworks */ = {
			isa = PBXGroup;
			children = (
				6C8A2BEA820FEDFF76285DAB /* Pods_PostsTechTest.framework */,
				425A259D080BC9A3A35ED6AE /* Pods_PostsTechTestTests.framework */,
			);
			name = Frameworks;
			sourceTree = "<group>";
		};
		5E72667C31C19CB4C1B4ADE3 /* Pods */ = {
			isa = PBXGroup;
			children = (
				00B7FDA59A5859C4E0ECC339 /* Pods-PostsTechTest.debug.xcconfig */,
				8F8FCE046F4F29C4401A8773 /* Pods-PostsTechTest.release.xcconfig */,
				EE2CF6A8DE20871F05E04CF5 /* Pods-PostsTechTestTests.debug.xcconfig */,
				E52BFF284A7FFFA542D0271F /* Pods-PostsTechTestTests.release.xcconfig */,
			);
			path = Pods;
			sourceTree = "<group>";
		};
		B7CDF42522465187002A63DA = {
			isa = PBXGroup;
			children = (
				B7CDF43022465187002A63DA /* PostsTechTest */,
				B7CDF44522465189002A63DA /* PostsTechTestTests */,
				B7CDF42F22465187002A63DA /* Products */,
				5E72667C31C19CB4C1B4ADE3 /* Pods */,
				44787D2FD66DD0771132242B /* Frameworks */,
			);
			sourceTree = "<group>";
		};
		B7CDF42F22465187002A63DA /* Products */ = {
			isa = PBXGroup;
			children = (
				B7CDF42E22465187002A63DA /* PostsTechTest.app */,
				B7CDF44222465189002A63DA /* PostsTechTestTests.xctest */,
			);
			name = Products;
			sourceTree = "<group>";
		};
		B7CDF43022465187002A63DA /* PostsTechTest */ = {
			isa = PBXGroup;
			children = (
				B7CDF453224653F9002A63DA /* Core */,
				B7CDF45422465406002A63DA /* App */,
				B7CDF4552246541B002A63DA /* Modules */,
				B7CDF45122465303002A63DA /* Resources */,
				B7CDF4522246532A002A63DA /* Supporting Files */,
			);
			path = PostsTechTest;
			sourceTree = "<group>";
		};
		B7CDF44522465189002A63DA /* PostsTechTestTests */ = {
			isa = PBXGroup;
			children = (
				B7CDF47222465C95002A63DA /* Core */,
				B7CDF44822465189002A63DA /* Info.plist */,
			);
			path = PostsTechTestTests;
			sourceTree = "<group>";
		};
		B7CDF45122465303002A63DA /* Resources */ = {
			isa = PBXGroup;
			children = (
				B7CDF43822465188002A63DA /* Assets.xcassets */,
				B7CDF43A22465188002A63DA /* LaunchScreen.storyboard */,
			);
			path = Resources;
			sourceTree = "<group>";
		};
		B7CDF4522246532A002A63DA /* Supporting Files */ = {
			isa = PBXGroup;
			children = (
				B7CDF43D22465188002A63DA /* Info.plist */,
			);
			path = "Supporting Files";
			sourceTree = "<group>";
		};
		B7CDF453224653F9002A63DA /* Core */ = {
			isa = PBXGroup;
			children = (
				B7CDF45922465470002A63DA /* Model */,
				B7CDF45A22465479002A63DA /* ViewModelLogic */,
				B7CDF46D224656D6002A63DA /* Extensions */,
				B7CDF45B22465486002A63DA /* Networking */,
			);
			path = Core;
			sourceTree = "<group>";
		};
		B7CDF45422465406002A63DA /* App */ = {
			isa = PBXGroup;
			children = (
				B7CDF43122465187002A63DA /* AppDelegate.swift */,
				B7CDF47622465F38002A63DA /* AppController.swift */,
			);
			path = App;
			sourceTree = "<group>";
		};
		B7CDF4552246541B002A63DA /* Modules */ = {
			isa = PBXGroup;
			children = (
				B7CDF45622465428002A63DA /* Posts */,
			);
			path = Modules;
			sourceTree = "<group>";
		};
		B7CDF45622465428002A63DA /* Posts */ = {
			isa = PBXGroup;
			children = (
				B7CDF45722465439002A63DA /* Main */,
				B7CDF47422465EB5002A63DA /* PostsWireframe.swift */,
			);
			path = Posts;
			sourceTree = "<group>";
		};
		B7CDF45722465439002A63DA /* Main */ = {
			isa = PBXGroup;
			children = (
			);
			path = Main;
			sourceTree = "<group>";
		};
		B7CDF45922465470002A63DA /* Model */ = {
			isa = PBXGroup;
			children = (
			);
			path = Model;
			sourceTree = "<group>";
		};
		B7CDF45A22465479002A63DA /* ViewModelLogic */ = {
			isa = PBXGroup;
			children = (
				B7CDF45E224654B6002A63DA /* GenericState.swift */,
				B7CDF460224654EE002A63DA /* LogicState.swift */,
				B7CDF46222465518002A63DA /* GenericDisplay.swift */,
			);
			path = ViewModelLogic;
			sourceTree = "<group>";
		};
		B7CDF45B22465486002A63DA /* Networking */ = {
			isa = PBXGroup;
			children = (
				B7CDF46622465644002A63DA /* Core */,
			);
			path = Networking;
			sourceTree = "<group>";
		};
		B7CDF46622465644002A63DA /* Core */ = {
			isa = PBXGroup;
			children = (
				B7CDF46722465651002A63DA /* Networking.swift */,
				B7CDF46922465688002A63DA /* Endpoint.swift */,
				B7CDF46B224656A7002A63DA /* URLSession+Networking.swift */,
			);
			path = Core;
			sourceTree = "<group>";
		};
		B7CDF46D224656D6002A63DA /* Extensions */ = {
			isa = PBXGroup;
			children = (
				B7CDF46E224656E6002A63DA /* Encodable+JSON.swift */,
			);
			path = Extensions;
			sourceTree = "<group>";
		};
		B7CDF47222465C95002A63DA /* Core */ = {
			isa = PBXGroup;
			children = (
				B7CDF47322465C9C002A63DA /* Networking */,
			);
			path = Core;
			sourceTree = "<group>";
		};
		B7CDF47322465C9C002A63DA /* Networking */ = {
			isa = PBXGroup;
			children = (
				B7CDF4702246581F002A63DA /* NetworkingSpecs.swift */,
			);
			path = Networking;
			sourceTree = "<group>";
		};
/* End PBXGroup section */

/* Begin PBXNativeTarget section */
		B7CDF42D22465187002A63DA /* PostsTechTest */ = {
			isa = PBXNativeTarget;
			buildConfigurationList = B7CDF44B22465189002A63DA /* Build configuration list for PBXNativeTarget "PostsTechTest" */;
			buildPhases = (
				3072981FCCCEAF56E2078BD0 /* [CP] Check Pods Manifest.lock */,
				B7CDF42A22465187002A63DA /* Sources */,
				B7CDF42B22465187002A63DA /* Frameworks */,
				B7CDF42C22465187002A63DA /* Resources */,
				61FEB312FB33409766F319D6 /* [CP] Embed Pods Frameworks */,
			);
			buildRules = (
			);
			dependencies = (
			);
			name = PostsTechTest;
			productName = PostsTechTest;
			productReference = B7CDF42E22465187002A63DA /* PostsTechTest.app */;
			productType = "com.apple.product-type.application";
		};
		B7CDF44122465189002A63DA /* PostsTechTestTests */ = {
			isa = PBXNativeTarget;
			buildConfigurationList = B7CDF44E22465189002A63DA /* Build configuration list for PBXNativeTarget "PostsTechTestTests" */;
			buildPhases = (
				47C10C9FF8839CE917A05106 /* [CP] Check Pods Manifest.lock */,
				B7CDF43E22465189002A63DA /* Sources */,
				B7CDF43F22465189002A63DA /* Frameworks */,
				B7CDF44022465189002A63DA /* Resources */,
				EE001B2F1D0468DE8EF2D28B /* [CP] Embed Pods Frameworks */,
			);
			buildRules = (
			);
			dependencies = (
				B7CDF44422465189002A63DA /* PBXTargetDependency */,
			);
			name = PostsTechTestTests;
			productName = PostsTechTestTests;
			productReference = B7CDF44222465189002A63DA /* PostsTechTestTests.xctest */;
			productType = "com.apple.product-type.bundle.unit-test";
		};
/* End PBXNativeTarget section */

/* Begin PBXProject section */
		B7CDF42622465187002A63DA /* Project object */ = {
			isa = PBXProject;
			attributes = {
				LastSwiftUpdateCheck = 1010;
				LastUpgradeCheck = 1010;
				ORGANIZATIONNAME = Decimal;
				TargetAttributes = {
					B7CDF42D22465187002A63DA = {
						CreatedOnToolsVersion = 10.1;
					};
					B7CDF44122465189002A63DA = {
						CreatedOnToolsVersion = 10.1;
						TestTargetID = B7CDF42D22465187002A63DA;
					};
				};
			};
			buildConfigurationList = B7CDF42922465187002A63DA /* Build configuration list for PBXProject "PostsTechTest" */;
			compatibilityVersion = "Xcode 9.3";
			developmentRegion = en;
			hasScannedForEncodings = 0;
			knownRegions = (
				en,
				Base,
			);
			mainGroup = B7CDF42522465187002A63DA;
			productRefGroup = B7CDF42F22465187002A63DA /* Products */;
			projectDirPath = "";
			projectRoot = "";
			targets = (
				B7CDF42D22465187002A63DA /* PostsTechTest */,
				B7CDF44122465189002A63DA /* PostsTechTestTests */,
			);
		};
/* End PBXProject section */

/* Begin PBXResourcesBuildPhase section */
		B7CDF42C22465187002A63DA /* Resources */ = {
			isa = PBXResourcesBuildPhase;
			buildActionMask = 2147483647;
			files = (
				B7CDF43C22465188002A63DA /* LaunchScreen.storyboard in Resources */,
				B7CDF43922465188002A63DA /* Assets.xcassets in Resources */,
			);
			runOnlyForDeploymentPostprocessing = 0;
		};
		B7CDF44022465189002A63DA /* Resources */ = {
			isa = PBXResourcesBuildPhase;
			buildActionMask = 2147483647;
			files = (
			);
			runOnlyForDeploymentPostprocessing = 0;
		};
/* End PBXResourcesBuildPhase section */

/* Begin PBXShellScriptBuildPhase section */
		3072981FCCCEAF56E2078BD0 /* [CP] Check Pods Manifest.lock */ = {
			isa = PBXShellScriptBuildPhase;
			buildActionMask = 2147483647;
			files = (
			);
			inputFileListPaths = (
			);
			inputPaths = (
				"${PODS_PODFILE_DIR_PATH}/Podfile.lock",
				"${PODS_ROOT}/Manifest.lock",
			);
			name = "[CP] Check Pods Manifest.lock";
			outputFileListPaths = (
			);
			outputPaths = (
				"$(DERIVED_FILE_DIR)/Pods-PostsTechTest-checkManifestLockResult.txt",
			);
			runOnlyForDeploymentPostprocessing = 0;
			shellPath = /bin/sh;
			shellScript = "diff \"${PODS_PODFILE_DIR_PATH}/Podfile.lock\" \"${PODS_ROOT}/Manifest.lock\" > /dev/null\nif [ $? != 0 ] ; then\n    # print error to STDERR\n    echo \"error: The sandbox is not in sync with the Podfile.lock. Run 'pod install' or update your CocoaPods installation.\" >&2\n    exit 1\nfi\n# This output is used by Xcode 'outputs' to avoid re-running this script phase.\necho \"SUCCESS\" > \"${SCRIPT_OUTPUT_FILE_0}\"\n";
			showEnvVarsInLog = 0;
		};
		47C10C9FF8839CE917A05106 /* [CP] Check Pods Manifest.lock */ = {
			isa = PBXShellScriptBuildPhase;
			buildActionMask = 2147483647;
			files = (
			);
			inputFileListPaths = (
			);
			inputPaths = (
				"${PODS_PODFILE_DIR_PATH}/Podfile.lock",
				"${PODS_ROOT}/Manifest.lock",
			);
			name = "[CP] Check Pods Manifest.lock";
			outputFileListPaths = (
			);
			outputPaths = (
				"$(DERIVED_FILE_DIR)/Pods-PostsTechTestTests-checkManifestLockResult.txt",
			);
			runOnlyForDeploymentPostprocessing = 0;
			shellPath = /bin/sh;
			shellScript = "diff \"${PODS_PODFILE_DIR_PATH}/Podfile.lock\" \"${PODS_ROOT}/Manifest.lock\" > /dev/null\nif [ $? != 0 ] ; then\n    # print error to STDERR\n    echo \"error: The sandbox is not in sync with the Podfile.lock. Run 'pod install' or update your CocoaPods installation.\" >&2\n    exit 1\nfi\n# This output is used by Xcode 'outputs' to avoid re-running this script phase.\necho \"SUCCESS\" > \"${SCRIPT_OUTPUT_FILE_0}\"\n";
			showEnvVarsInLog = 0;
		};
		61FEB312FB33409766F319D6 /* [CP] Embed Pods Frameworks */ = {
			isa = PBXShellScriptBuildPhase;
			buildActionMask = 2147483647;
			files = (
			);
			inputFileListPaths = (
			);
			inputPaths = (
				"${PODS_ROOT}/Target Support Files/Pods-PostsTechTest/Pods-PostsTechTest-frameworks.sh",
				"${BUILT_PRODUCTS_DIR}/RxAtomic/RxAtomic.framework",
				"${BUILT_PRODUCTS_DIR}/RxCocoa/RxCocoa.framework",
				"${BUILT_PRODUCTS_DIR}/RxSwift/RxSwift.framework",
			);
			name = "[CP] Embed Pods Frameworks";
			outputFileListPaths = (
			);
			outputPaths = (
				"${TARGET_BUILD_DIR}/${FRAMEWORKS_FOLDER_PATH}/RxAtomic.framework",
				"${TARGET_BUILD_DIR}/${FRAMEWORKS_FOLDER_PATH}/RxCocoa.framework",
				"${TARGET_BUILD_DIR}/${FRAMEWORKS_FOLDER_PATH}/RxSwift.framework",
			);
			runOnlyForDeploymentPostprocessing = 0;
			shellPath = /bin/sh;
			shellScript = "\"${PODS_ROOT}/Target Support Files/Pods-PostsTechTest/Pods-PostsTechTest-frameworks.sh\"\n";
			showEnvVarsInLog = 0;
		};
		EE001B2F1D0468DE8EF2D28B /* [CP] Embed Pods Frameworks */ = {
			isa = PBXShellScriptBuildPhase;
			buildActionMask = 2147483647;
			files = (
			);
			inputFileListPaths = (
			);
			inputPaths = (
				"${PODS_ROOT}/Target Support Files/Pods-PostsTechTestTests/Pods-PostsTechTestTests-frameworks.sh",
				"${BUILT_PRODUCTS_DIR}/RxAtomic/RxAtomic.framework",
				"${BUILT_PRODUCTS_DIR}/RxSwift/RxSwift.framework",
				"${BUILT_PRODUCTS_DIR}/Nimble/Nimble.framework",
				"${BUILT_PRODUCTS_DIR}/Quick/Quick.framework",
				"${BUILT_PRODUCTS_DIR}/RxBlocking/RxBlocking.framework",
				"${BUILT_PRODUCTS_DIR}/RxTest/RxTest.framework",
			);
			name = "[CP] Embed Pods Frameworks";
			outputFileListPaths = (
			);
			outputPaths = (
				"${TARGET_BUILD_DIR}/${FRAMEWORKS_FOLDER_PATH}/RxAtomic.framework",
				"${TARGET_BUILD_DIR}/${FRAMEWORKS_FOLDER_PATH}/RxSwift.framework",
				"${TARGET_BUILD_DIR}/${FRAMEWORKS_FOLDER_PATH}/Nimble.framework",
				"${TARGET_BUILD_DIR}/${FRAMEWORKS_FOLDER_PATH}/Quick.framework",
				"${TARGET_BUILD_DIR}/${FRAMEWORKS_FOLDER_PATH}/RxBlocking.framework",
				"${TARGET_BUILD_DIR}/${FRAMEWORKS_FOLDER_PATH}/RxTest.framework",
			);
			runOnlyForDeploymentPostprocessing = 0;
			shellPath = /bin/sh;
			shellScript = "\"${PODS_ROOT}/Target Support Files/Pods-PostsTechTestTests/Pods-PostsTechTestTests-frameworks.sh\"\n";
			showEnvVarsInLog = 0;
		};
/* End PBXShellScriptBuildPhase section */

/* Begin PBXSourcesBuildPhase section */
		B7CDF42A22465187002A63DA /* Sources */ = {
			isa = PBXSourcesBuildPhase;
			buildActionMask = 2147483647;
			files = (
				B7CDF47522465EB5002A63DA /* PostsWireframe.swift in Sources */,
				B7CDF47722465F38002A63DA /* AppController.swift in Sources */,
				B7CDF45F224654B6002A63DA /* GenericState.swift in Sources */,
				B7CDF46F224656E6002A63DA /* Encodable+JSON.swift in Sources */,
				B7CDF46822465651002A63DA /* Networking.swift in Sources */,
				B7CDF461224654EE002A63DA /* LogicState.swift in Sources */,
				B7CDF43222465187002A63DA /* AppDelegate.swift in Sources */,
				B7CDF46A22465688002A63DA /* Endpoint.swift in Sources */,
				B7CDF46322465518002A63DA /* GenericDisplay.swift in Sources */,
				B7CDF46C224656A7002A63DA /* URLSession+Networking.swift in Sources */,
			);
			runOnlyForDeploymentPostprocessing = 0;
		};
		B7CDF43E22465189002A63DA /* Sources */ = {
			isa = PBXSourcesBuildPhase;
			buildActionMask = 2147483647;
			files = (
				B7CDF4712246581F002A63DA /* NetworkingSpecs.swift in Sources */,
			);
			runOnlyForDeploymentPostprocessing = 0;
		};
/* End PBXSourcesBuildPhase section */

/* Begin PBXTargetDependency section */
		B7CDF44422465189002A63DA /* PBXTargetDependency */ = {
			isa = PBXTargetDependency;
			target = B7CDF42D22465187002A63DA /* PostsTechTest */;
			targetProxy = B7CDF44322465189002A63DA /* PBXContainerItemProxy */;
		};
/* End PBXTargetDependency section */

/* Begin PBXVariantGroup section */
		B7CDF43A22465188002A63DA /* LaunchScreen.storyboard */ = {
			isa = PBXVariantGroup;
			children = (
				B7CDF43B22465188002A63DA /* Base */,
			);
			name = LaunchScreen.storyboard;
			sourceTree = "<group>";
		};
/* End PBXVariantGroup section */

/* Begin XCBuildConfiguration section */
		B7CDF44922465189002A63DA /* Debug */ = {
			isa = XCBuildConfiguration;
			buildSettings = {
				ALWAYS_SEARCH_USER_PATHS = NO;
				CLANG_ANALYZER_NONNULL = YES;
				CLANG_ANALYZER_NUMBER_OBJECT_CONVERSION = YES_AGGRESSIVE;
				CLANG_CXX_LANGUAGE_STANDARD = "gnu++14";
				CLANG_CXX_LIBRARY = "libc++";
				CLANG_ENABLE_MODULES = YES;
				CLANG_ENABLE_OBJC_ARC = YES;
				CLANG_ENABLE_OBJC_WEAK = YES;
				CLANG_WARN_BLOCK_CAPTURE_AUTORELEASING = YES;
				CLANG_WARN_BOOL_CONVERSION = YES;
				CLANG_WARN_COMMA = YES;
				CLANG_WARN_CONSTANT_CONVERSION = YES;
				CLANG_WARN_DEPRECATED_OBJC_IMPLEMENTATIONS = YES;
				CLANG_WARN_DIRECT_OBJC_ISA_USAGE = YES_ERROR;
				CLANG_WARN_DOCUMENTATION_COMMENTS = YES;
				CLANG_WARN_EMPTY_BODY = YES;
				CLANG_WARN_ENUM_CONVERSION = YES;
				CLANG_WARN_INFINITE_RECURSION = YES;
				CLANG_WARN_INT_CONVERSION = YES;
				CLANG_WARN_NON_LITERAL_NULL_CONVERSION = YES;
				CLANG_WARN_OBJC_IMPLICIT_RETAIN_SELF = YES;
				CLANG_WARN_OBJC_LITERAL_CONVERSION = YES;
				CLANG_WARN_OBJC_ROOT_CLASS = YES_ERROR;
				CLANG_WARN_RANGE_LOOP_ANALYSIS = YES;
				CLANG_WARN_STRICT_PROTOTYPES = YES;
				CLANG_WARN_SUSPICIOUS_MOVE = YES;
				CLANG_WARN_UNGUARDED_AVAILABILITY = YES_AGGRESSIVE;
				CLANG_WARN_UNREACHABLE_CODE = YES;
				CLANG_WARN__DUPLICATE_METHOD_MATCH = YES;
				CODE_SIGN_IDENTITY = "iPhone Developer";
				COPY_PHASE_STRIP = NO;
				DEBUG_INFORMATION_FORMAT = dwarf;
				ENABLE_STRICT_OBJC_MSGSEND = YES;
				ENABLE_TESTABILITY = YES;
				GCC_C_LANGUAGE_STANDARD = gnu11;
				GCC_DYNAMIC_NO_PIC = NO;
				GCC_NO_COMMON_BLOCKS = YES;
				GCC_OPTIMIZATION_LEVEL = 0;
				GCC_PREPROCESSOR_DEFINITIONS = (
					"DEBUG=1",
					"$(inherited)",
				);
				GCC_WARN_64_TO_32_BIT_CONVERSION = YES;
				GCC_WARN_ABOUT_RETURN_TYPE = YES_ERROR;
				GCC_WARN_UNDECLARED_SELECTOR = YES;
				GCC_WARN_UNINITIALIZED_AUTOS = YES_AGGRESSIVE;
				GCC_WARN_UNUSED_FUNCTION = YES;
				GCC_WARN_UNUSED_VARIABLE = YES;
				IPHONEOS_DEPLOYMENT_TARGET = 12.1;
				MTL_ENABLE_DEBUG_INFO = INCLUDE_SOURCE;
				MTL_FAST_MATH = YES;
				ONLY_ACTIVE_ARCH = YES;
				SDKROOT = iphoneos;
				SWIFT_ACTIVE_COMPILATION_CONDITIONS = DEBUG;
				SWIFT_OPTIMIZATION_LEVEL = "-Onone";
			};
			name = Debug;
		};
		B7CDF44A22465189002A63DA /* Release */ = {
			isa = XCBuildConfiguration;
			buildSettings = {
				ALWAYS_SEARCH_USER_PATHS = NO;
				CLANG_ANALYZER_NONNULL = YES;
				CLANG_ANALYZER_NUMBER_OBJECT_CONVERSION = YES_AGGRESSIVE;
				CLANG_CXX_LANGUAGE_STANDARD = "gnu++14";
				CLANG_CXX_LIBRARY = "libc++";
				CLANG_ENABLE_MODULES = YES;
				CLANG_ENABLE_OBJC_ARC = YES;
				CLANG_ENABLE_OBJC_WEAK = YES;
				CLANG_WARN_BLOCK_CAPTURE_AUTORELEASING = YES;
				CLANG_WARN_BOOL_CONVERSION = YES;
				CLANG_WARN_COMMA = YES;
				CLANG_WARN_CONSTANT_CONVERSION = YES;
				CLANG_WARN_DEPRECATED_OBJC_IMPLEMENTATIONS = YES;
				CLANG_WARN_DIRECT_OBJC_ISA_USAGE = YES_ERROR;
				CLANG_WARN_DOCUMENTATION_COMMENTS = YES;
				CLANG_WARN_EMPTY_BODY = YES;
				CLANG_WARN_ENUM_CONVERSION = YES;
				CLANG_WARN_INFINITE_RECURSION = YES;
				CLANG_WARN_INT_CONVERSION = YES;
				CLANG_WARN_NON_LITERAL_NULL_CONVERSION = YES;
				CLANG_WARN_OBJC_IMPLICIT_RETAIN_SELF = YES;
				CLANG_WARN_OBJC_LITERAL_CONVERSION = YES;
				CLANG_WARN_OBJC_ROOT_CLASS = YES_ERROR;
				CLANG_WARN_RANGE_LOOP_ANALYSIS = YES;
				CLANG_WARN_STRICT_PROTOTYPES = YES;
				CLANG_WARN_SUSPICIOUS_MOVE = YES;
				CLANG_WARN_UNGUARDED_AVAILABILITY = YES_AGGRESSIVE;
				CLANG_WARN_UNREACHABLE_CODE = YES;
				CLANG_WARN__DUPLICATE_METHOD_MATCH = YES;
				CODE_SIGN_IDENTITY = "iPhone Developer";
				COPY_PHASE_STRIP = NO;
				DEBUG_INFORMATION_FORMAT = "dwarf-with-dsym";
				ENABLE_NS_ASSERTIONS = NO;
				ENABLE_STRICT_OBJC_MSGSEND = YES;
				GCC_C_LANGUAGE_STANDARD = gnu11;
				GCC_NO_COMMON_BLOCKS = YES;
				GCC_WARN_64_TO_32_BIT_CONVERSION = YES;
				GCC_WARN_ABOUT_RETURN_TYPE = YES_ERROR;
				GCC_WARN_UNDECLARED_SELECTOR = YES;
				GCC_WARN_UNINITIALIZED_AUTOS = YES_AGGRESSIVE;
				GCC_WARN_UNUSED_FUNCTION = YES;
				GCC_WARN_UNUSED_VARIABLE = YES;
				IPHONEOS_DEPLOYMENT_TARGET = 12.1;
				MTL_ENABLE_DEBUG_INFO = NO;
				MTL_FAST_MATH = YES;
				SDKROOT = iphoneos;
				SWIFT_COMPILATION_MODE = wholemodule;
				SWIFT_OPTIMIZATION_LEVEL = "-O";
				VALIDATE_PRODUCT = YES;
			};
			name = Release;
		};
		B7CDF44C22465189002A63DA /* Debug */ = {
			isa = XCBuildConfiguration;
			baseConfigurationReference = 00B7FDA59A5859C4E0ECC339 /* Pods-PostsTechTest.debug.xcconfig */;
			buildSettings = {
				ASSETCATALOG_COMPILER_APPICON_NAME = AppIcon;
				CODE_SIGN_STYLE = Automatic;
				INFOPLIST_FILE = "$(SRCROOT)/PostsTechTest/Supporting Files/Info.plist";
				LD_RUNPATH_SEARCH_PATHS = (
					"$(inherited)",
					"@executable_path/Frameworks",
				);
				PRODUCT_BUNDLE_IDENTIFIER = gr.decimal.PostsTechTest;
				PRODUCT_NAME = "$(TARGET_NAME)";
				SWIFT_VERSION = 4.2;
				TARGETED_DEVICE_FAMILY = "1,2";
			};
			name = Debug;
		};
		B7CDF44D22465189002A63DA /* Release */ = {
			isa = XCBuildConfiguration;
			baseConfigurationReference = 8F8FCE046F4F29C4401A8773 /* Pods-PostsTechTest.release.xcconfig */;
			buildSettings = {
				ASSETCATALOG_COMPILER_APPICON_NAME = AppIcon;
				CODE_SIGN_STYLE = Automatic;
				INFOPLIST_FILE = "$(SRCROOT)/PostsTechTest/Supporting Files/Info.plist";
				LD_RUNPATH_SEARCH_PATHS = (
					"$(inherited)",
					"@executable_path/Frameworks",
				);
				PRODUCT_BUNDLE_IDENTIFIER = gr.decimal.PostsTechTest;
				PRODUCT_NAME = "$(TARGET_NAME)";
				SWIFT_VERSION = 4.2;
				TARGETED_DEVICE_FAMILY = "1,2";
			};
			name = Release;
		};
		B7CDF44F22465189002A63DA /* Debug */ = {
			isa = XCBuildConfiguration;
			baseConfigurationReference = EE2CF6A8DE20871F05E04CF5 /* Pods-PostsTechTestTests.debug.xcconfig */;
			buildSettings = {
				ALWAYS_EMBED_SWIFT_STANDARD_LIBRARIES = YES;
				BUNDLE_LOADER = "$(TEST_HOST)";
				CODE_SIGN_STYLE = Automatic;
				INFOPLIST_FILE = PostsTechTestTests/Info.plist;
				LD_RUNPATH_SEARCH_PATHS = (
					"$(inherited)",
					"@executable_path/Frameworks",
					"@loader_path/Frameworks",
				);
				PRODUCT_BUNDLE_IDENTIFIER = gr.decimal.PostsTechTestTests;
				PRODUCT_NAME = "$(TARGET_NAME)";
				SWIFT_VERSION = 4.2;
				TARGETED_DEVICE_FAMILY = "1,2";
				TEST_HOST = "$(BUILT_PRODUCTS_DIR)/PostsTechTest.app/PostsTechTest";
			};
			name = Debug;
		};
		B7CDF45022465189002A63DA /* Release */ = {
			isa = XCBuildConfiguration;
			baseConfigurationReference = E52BFF284A7FFFA542D0271F /* Pods-PostsTechTestTests.release.xcconfig */;
			buildSettings = {
				ALWAYS_EMBED_SWIFT_STANDARD_LIBRARIES = YES;
				BUNDLE_LOADER = "$(TEST_HOST)";
				CODE_SIGN_STYLE = Automatic;
				INFOPLIST_FILE = PostsTechTestTests/Info.plist;
				LD_RUNPATH_SEARCH_PATHS = (
					"$(inherited)",
					"@executable_path/Frameworks",
					"@loader_path/Frameworks",
				);
				PRODUCT_BUNDLE_IDENTIFIER = gr.decimal.PostsTechTestTests;
				PRODUCT_NAME = "$(TARGET_NAME)";
				SWIFT_VERSION = 4.2;
				TARGETED_DEVICE_FAMILY = "1,2";
				TEST_HOST = "$(BUILT_PRODUCTS_DIR)/PostsTechTest.app/PostsTechTest";
			};
			name = Release;
		};
/* End XCBuildConfiguration section */

/* Begin XCConfigurationList section */
		B7CDF42922465187002A63DA /* Build configuration list for PBXProject "PostsTechTest" */ = {
			isa = XCConfigurationList;
			buildConfigurations = (
				B7CDF44922465189002A63DA /* Debug */,
				B7CDF44A22465189002A63DA /* Release */,
			);
			defaultConfigurationIsVisible = 0;
			defaultConfigurationName = Release;
		};
		B7CDF44B22465189002A63DA /* Build configuration list for PBXNativeTarget "PostsTechTest" */ = {
			isa = XCConfigurationList;
			buildConfigurations = (
				B7CDF44C22465189002A63DA /* Debug */,
				B7CDF44D22465189002A63DA /* Release */,
			);
			defaultConfigurationIsVisible = 0;
			defaultConfigurationName = Release;
		};
		B7CDF44E22465189002A63DA /* Build configuration list for PBXNativeTarget "PostsTechTestTests" */ = {
			isa = XCConfigurationList;
			buildConfigurations = (
				B7CDF44F22465189002A63DA /* Debug */,
				B7CDF45022465189002A63DA /* Release */,
			);
			defaultConfigurationIsVisible = 0;
			defaultConfigurationName = Release;
		};
/* End XCConfigurationList section */
	};
	rootObject = B7CDF42622465187002A63DA /* Project object */;
}
